lockfileVersion: '9.0'

settings:
  autoInstallPeers: true
  excludeLinksFromLockfile: false

patchedDependencies:
  '@remix-run/web-blob': 9e086a2fe1369af42b20cc0ed5ad57b1ef73b833efc695e3ed24e84ec9e70028
  '@remix-run/web-file': fd0055741a604f909996fc4d21778afbb9569a711d5e0973e45980a457275e91
  '@remix-run/web-stream': 2c70921e0d5639306475cc6d9574b4b7c19414436cb4cbb7ea5c8ea874fc7e67

importers:

  .:
    dependencies:
      '@remix-run/web-file':
        specifier: ^3.1.0
        version: 3.1.0(patch_hash=fd0055741a604f909996fc4d21778afbb9569a711d5e0973e45980a457275e91)
      '@sevenc-nanashi/utaformatix-ts':
        specifier: jsr:@sevenc-nanashi/utaformatix-ts@^0.4.1
        version: '@jsr/sevenc-nanashi__utaformatix-ts@0.4.1'
      fastestsmallesttextencoderdecoder:
        specifier: ^1.0.22
        version: 1.0.22
      jszip:
        specifier: ^3.10.1
        version: 3.10.1
      typescript:
        specifier: ^6.0.3
        version: 6.0.3
    devDependencies:
      '@types/bun':
        specifier: 1.3.14
        version: 1.3.14
      rolldown:
        specifier: ^1.1.2
        version: 1.1.2

packages:

  '@emnapi/core@1.11.1':
    resolution: {integrity: sha512-RSvbQmHzdKzNsLYa/wHrbc3KN4sYLKAdPZxqiM2HATqv/SBk2/ENSHpvXGaLOMcsAyz0poEGqkmmKYG3OWiJEQ==}

  '@emnapi/runtime@1.11.1':
    resolution: {integrity: sha512-vgj7R3y3Wgx24IQaGPA/R6YFXLHVMOZ0uVEyIQPaWs+rd1AzfEMXlAC22FYwO1XkKR6NPsq7mUandH8oIRdZFw==}

  '@emnapi/wasi-threads@1.2.2':
    resolution: {integrity: sha512-c95qOXkHdydNKhscBTebqEC1CVAZpyqOfVfBzQ1qgzyl3gfeldUjIggDbIZgDKsHLgnsM+igH7TJ/eAasaVuMA==}

  '@jsr/sevenc-nanashi__utaformatix-ts@0.4.1':
    resolution: {integrity: sha512-HrhfhBxN/xF0AHuHN6WWWdtcNsDBEsK+LOiRHwfRE8iOXw5I8wbx6XWsWghsGJL3zNOOVnskdmIR1aBisdD/yg==, tarball: https://npm.jsr.io/~/11/@jsr/sevenc-nanashi__utaformatix-ts/0.4.1.tgz}

  '@napi-rs/wasm-runtime@1.1.5':
    resolution: {integrity: sha512-AWPoBRJ9tsnVhor4sjO7rkni+7p+2IAEFj6cx06UgP10jkQHqay/36uRV/bFkgrh18D9vb4cr8Q0Pthskgzy+Q==}
    peerDependencies:
      '@emnapi/core': ^1.7.1
      '@emnapi/runtime': ^1.7.1

  '@oxc-project/types@0.137.0':
    resolution: {integrity: sha512-WT+Gb24i8hmvo85AIv2oEYouEXkRlKAlT9WaCa3TfLgNCN+GhrJOGZuIlMouAh38Qe4QOx26eUOVsq70qXrywA==}

  '@remix-run/web-blob@3.1.0':
    resolution: {integrity: sha512-owGzFLbqPH9PlKb8KvpNJ0NO74HWE2euAn61eEiyCXX/oteoVzTVSN8mpLgDjaxBf2btj5/nUllSUgpyd6IH6g==}

  '@remix-run/web-file@3.1.0':
    resolution: {integrity: sha512-dW2MNGwoiEYhlspOAXFBasmLeYshyAyhIdrlXBi06Duex5tDr3ut2LFKVj7tyHLmn8nnNwFf1BjNbkQpygC2aQ==}

  '@remix-run/web-stream@1.1.0':
    resolution: {integrity: sha512-KRJtwrjRV5Bb+pM7zxcTJkhIqWWSy+MYsIxHK+0m5atcznsf15YwUBWHWulZerV2+vvHH1Lp1DD7pw6qKW8SgA==}

  '@rolldown/binding-android-arm64@1.1.2':
    resolution: {integrity: sha512-2cZ+7xRS+DBcuJBJKnfzsbleumJhBqSlJVpuzHC0nTqfd3QQ7Vx2/x5YR/D7cBamKSeWplwo82Fn9lqYUDEMfA==}
    engines: {node: ^20.19.0 || >=22.12.0}
    cpu: [arm64]
    os: [android]

  '@rolldown/binding-darwin-arm64@1.1.2':
    resolution: {integrity: sha512-RkPMJnygxsgOYdkfqgpwY0/Fzm8d0VQe6HGU2/B00Xa9eqdLbrII+DOKAodbJAn3ZL1AJxGHkZRPYazgGY6Ljw==}
    engines: {node: ^20.19.0 || >=22.12.0}
    cpu: [arm64]
    os: [darwin]

  '@rolldown/binding-darwin-x64@1.1.2':
    resolution: {integrity: sha512-Uiczh6vFhwyfd7WNe7Q7mCA4KxAiLdz7jPE/WGizfRpIieoyFuNVMmM8HqZ9HwudTkY6/AeMQwlNJ9NJijguWw==}
    engines: {node: ^20.19.0 || >=22.12.0}
    cpu: [x64]
    os: [darwin]

  '@rolldown/binding-freebsd-x64@1.1.2':
    resolution: {integrity: sha512-+TpdtTRgHiJFjCVFbw311SuLk3KfytPOQQn+VlAEv+gBxYPtL7E6JS9e/tk+8CwxhIZvemJKo4rTKgfWNsKkkA==}
    engines: {node: ^20.19.0 || >=22.12.0}
    cpu: [x64]
    os: [freebsd]

  '@rolldown/binding-linux-arm-gnueabihf@1.1.2':
    resolution: {integrity: sha512-4lv1/tkmi7ueIVHnyreaOeUpiZP26BH9rRy6hoYfR9310A2B9nUEVRDvBx69vx64Nr3eTPPRkyciqJJs+j9Jmw==}
    engines: {node: ^20.19.0 || >=22.12.0}
    cpu: [arm]
    os: [linux]

  '@rolldown/binding-linux-arm64-gnu@1.1.2':
    resolution: {integrity: sha512-gBSUVO0eaWgw1JMjK3gB8BMlX2Mk148s2lTiVT3e9vjVxbl7UDfMWWY8CfIaaqiXuM9fVTMxIpUz6CAo/B6Vlw==}
    engines: {node: ^20.19.0 || >=22.12.0}
    cpu: [arm64]
    os: [linux]
    libc: [glibc]

  '@rolldown/binding-linux-arm64-musl@1.1.2':
    resolution: {integrity: sha512-LjQP/iZLBu8o8PjIfk4x3At0/mT6h282pvz8Z5LAyhGbu/kDezyO7ea62rF5uoqmgnIYqbN/MqJ3Si3Aymi7xQ==}
    engines: {node: ^20.19.0 || >=22.12.0}
    cpu: [arm64]
    os: [linux]
    libc: [musl]

  '@rolldown/binding-linux-ppc64-gnu@1.1.2':
    resolution: {integrity: sha512-X/7bVLWelEsbyWDUSXt7zVsTniLLPIY2n1rH58qr78l9i7MNbbxBWD8gI2vRfBWf4NUXJCUuQnfZDsp32LqsfQ==}
    engines: {node: ^20.19.0 || >=22.12.0}
    cpu: [ppc64]
    os: [linux]
    libc: [glibc]

  '@rolldown/binding-linux-s390x-gnu@1.1.2':
    resolution: {integrity: sha512-gb6dYKW/1KDorGXyy48glEBJs/sxVSC5pcVrox/pFGV4mvwSFeg2sK5L2tRkVsVlh7kueqOgg4GEcuipJcGuKg==}
    engines: {node: ^20.19.0 || >=22.12.0}
    cpu: [s390x]
    os: [linux]
    libc: [glibc]

  '@rolldown/binding-linux-x64-gnu@1.1.2':
    resolution: {integrity: sha512-JY4w85pU3iAiJVMh5nuk4/Mh9GjMsupe8MrIN53rwxAZW64GKrWeJBuN6SxQg9QTU5uB1cxyhDzW8jqRn1EABw==}
    engines: {node: ^20.19.0 || >=22.12.0}
    cpu: [x64]
    os: [linux]
    libc: [glibc]

  '@rolldown/binding-linux-x64-musl@1.1.2':
    resolution: {integrity: sha512-xvpA7o5KCYLB0Rwscmuylb1/zHHSUx4g4xilm4prC5jP76pEUlzBmMbgpbh7bVDbId4NcfT96gN5i6mE6UDaiw==}
    engines: {node: ^20.19.0 || >=22.12.0}
    cpu: [x64]
    os: [linux]
    libc: [musl]

  '@rolldown/binding-openharmony-arm64@1.1.2':
    resolution: {integrity: sha512-p/ts6KBLjuk49Bp21XH77poQGt02iNz7ChgHep7tudPOaLinR/De/RHdxF8w8Yj4r/bF/bqXwH6PZrB2sA+Nvw==}
    engines: {node: ^20.19.0 || >=22.12.0}
    cpu: [arm64]
    os: [openharmony]

  '@rolldown/binding-wasm32-wasi@1.1.2':
    resolution: {integrity: sha512-VMu/wmrZ9hJzYlRhbw7jK5PODlugyKZ5mOdX78+lS8OvuFkWNQdz1pFLrI2p3P0pjXOmUZ7B48o5VnMH9QOGtg==}
    engines: {node: ^20.19.0 || >=22.12.0}
    cpu: [wasm32]

  '@rolldown/binding-win32-arm64-msvc@1.1.2':
    resolution: {integrity: sha512-xtUJqs8qEkuSviS0n1tsohaPuz3a1SPhZywOji4Oo+sgrJs8daEDMZ0QtqL0OS7dx8PoVpg2J/ZZycPY5I2+Zg==}
    engines: {node: ^20.19.0 || >=22.12.0}
    cpu: [arm64]
    os: [win32]

  '@rolldown/binding-win32-x64-msvc@1.1.2':
    resolution: {integrity: sha512-85YiLQqjUKgSO/Zjnf9e0XIn5Ymrh1fLDWBeAkZqpuBR/3R8TpfoHXuyblqyQrftSSgWO9qpcHN8mkyKsLraoA==}
    engines: {node: ^20.19.0 || >=22.12.0}
    cpu: [x64]
    os: [win32]

  '@rolldown/pluginutils@1.0.1':
    resolution: {integrity: sha512-2j9bGt5Jh8hj+vPtgzPtl72j0yRxHAyumoo6TNfAjsLB04UtpSvPbPcDcBMxz7n+9CYB0c1GxQFxYRg2jimqGw==}

  '@tybys/wasm-util@0.10.2':
    resolution: {integrity: sha512-RoBvJ2X0wuKlWFIjrwffGw1IqZHKQqzIchKaadZZfnNpsAYp2mM0h36JtPCjNDAHGgYez/15uMBpfGwchhiMgg==}

  '@types/bun@1.3.14':
    resolution: {integrity: sha512-h1hFqFVcvAvD9j9K7ZW7vd82aSA+rTdznZa+5bwvCwqSB1jmmfLcbIWhOLx1/+boy/xmjgCs/OMUL8hRJSmnPw==}

  '@types/node@25.9.3':
    resolution: {integrity: sha512-603BddQMv3pUcr4U2dhujk83N2tTDVr/34wII2B6bJy6g+8WD6yUb11jszNs0gdi4PesVWl7ABt8nYMVpnLUcg==}

  '@zxing/text-encoding@0.9.0':
    resolution: {integrity: sha512-U/4aVJ2mxI0aDNI8Uq0wEhMgY+u4CNtEb0om3+y3+niDAsoTCOB33UF0sxpzqzdqXLqmvc+vZyAt4O8pPdfkwA==}

  available-typed-arrays@1.0.7:
    resolution: {integrity: sha512-wvUjBtSGN7+7SjNpq/9M2Tg350UZD3q62IFZLbRAR1bSMlCo1ZaeW+BJ+D090e4hIIZLBcTDWe4Mh4jvUDajzQ==}
    engines: {node: '>= 0.4'}

  bun-types@1.3.14:
    resolution: {integrity: sha512-4N0ig0fEomHt5R0KCFWjovxow98rIoRwKolrYdCcknNwMekCXRnWEUvgu5soYV8QXtVsrUD8B95MBOZGPvr6KQ==}

  call-bind-apply-helpers@1.0.2:
    resolution: {integrity: sha512-Sp1ablJ0ivDkSzjcaJdxEunN5/XvksFJ2sMBFfq6x0ryhQV/2b/KwFe21cMpmHtPOSij8K99/wSfoEuTObmuMQ==}
    engines: {node: '>= 0.4'}

  call-bind@1.0.9:
    resolution: {integrity: sha512-a/hy+pNsFUTR+Iz8TCJvXudKVLAnz/DyeSUo10I5yvFDQJBFU2s9uqQpoSrJlroHUKoKqzg+epxyP9lqFdzfBQ==}
    engines: {node: '>= 0.4'}

  call-bound@1.0.4:
    resolution: {integrity: sha512-+ys997U96po4Kx/ABpBCqhA9EuxJaQWDQg7295H4hBphv3IZg0boBKuwYpt4YXp6MZ5AmZQnU/tyMTlRpaSejg==}
    engines: {node: '>= 0.4'}

  core-util-is@1.0.3:
    resolution: {integrity: sha512-ZQBvi1DcpJ4GDqanjucZ2Hj3wEO5pZDS89BWbkcrvdxksJorwUDDZamX9ldFkp9aw2lmBDLgkObEA4DWNJ9FYQ==}

  define-data-property@1.1.4:
    resolution: {integrity: sha512-rBMvIzlpA8v6E+SJZoo++HAYqsLrkg7MSfIinMPFhmkorw7X+dOXVJQs+QT69zGkzMyfDnIMN2Wid1+NbL3T+A==}
    engines: {node: '>= 0.4'}

  defu@6.1.7:
    resolution: {integrity: sha512-7z22QmUWiQ/2d0KkdYmANbRUVABpZ9SNYyH5vx6PZ+nE5bcC0l7uFvEfHlyld/HcGBFTL536ClDt3DEcSlEJAQ==}

  dunder-proto@1.0.1:
    resolution: {integrity: sha512-KIN/nDJBQRcXw0MLVhZE9iQHmG68qAVIBg9CqmUYjmQIhgij9U5MFvrqkUL5FbtyyzZuOeOt0zdeRe4UY7ct+A==}
    engines: {node: '>= 0.4'}

  es-define-property@1.0.1:
    resolution: {integrity: sha512-e3nRfgfUZ4rNGL232gUgX06QNyyez04KdjFrF+LTRoOXmrOgFKDg4BCdsjW8EnT69eqdYGmRpJwiPVYNrCaW3g==}
    engines: {node: '>= 0.4'}

  es-errors@1.3.0:
    resolution: {integrity: sha512-Zf5H2Kxt2xjTvbJvP2ZWLEICxA6j+hAmMzIlypy4xcBg1vKVnx89Wy0GbS+kf5cwCVFFzdCFh2XSCFNULS6csw==}
    engines: {node: '>= 0.4'}

  es-object-atoms@1.1.2:
    resolution: {integrity: sha512-HWcBoN6NileqtSydK2FqHbS/LoDd2pqrnQHLyJzBj4kOp/ky2MWMN694xOfkK8/SnUsW2DH7EfyVlydKCsm1Zw==}
    engines: {node: '>= 0.4'}

  fastestsmallesttextencoderdecoder@1.0.22:
    resolution: {integrity: sha512-Pb8d48e+oIuY4MaM64Cd7OW1gt4nxCHs7/ddPPZ/Ic3sg8yVGM7O9wDvZ7us6ScaUupzM+pfBolwtYhN1IxBIw==}

  for-each@0.3.5:
    resolution: {integrity: sha512-dKx12eRCVIzqCxFGplyFKJMPvLEWgmNtUrpTiJIR5u97zEhRG8ySrtboPHZXx7daLxQVrl643cTzbab2tkQjxg==}
    engines: {node: '>= 0.4'}

  function-bind@1.1.2:
    resolution: {integrity: sha512-7XHNxH7qX9xG5mIwxkhumTox/MIRNcOgDrxWsMt2pAr23WHp6MrRlN7FBSFpCpr+oVO0F744iUgR82nJMfG2SA==}

  generator-function@2.0.1:
    resolution: {integrity: sha512-SFdFmIJi+ybC0vjlHN0ZGVGHc3lgE0DxPAT0djjVg+kjOnSqclqmj0KQ7ykTOLP6YxoqOvuAODGdcHJn+43q3g==}
    engines: {node: '>= 0.4'}

  get-intrinsic@1.3.0:
    resolution: {integrity: sha512-9fSjSaos/fRIVIp+xSJlE6lfwhES7LNtKaCBIamHsjr2na1BiABJPo0mOjjz8GJDURarmCPGqaiVg5mfjb98CQ==}
    engines: {node: '>= 0.4'}

  get-proto@1.0.1:
    resolution: {integrity: sha512-sTSfBjoXBp89JvIKIefqw7U2CCebsc74kiY6awiGogKtoSGbgjYE/G/+l9sF3MWFPNc9IcoOC4ODfKHfxFmp0g==}
    engines: {node: '>= 0.4'}

  gopd@1.2.0:
    resolution: {integrity: sha512-ZUKRh6/kUFoAiTAtTYPZJ3hw9wNxx+BIBOijnlG9PnrJsCcSjs1wyyD6vJpaYtgnzDrKYRSqf3OO6Rfa93xsRg==}
    engines: {node: '>= 0.4'}

  has-property-descriptors@1.0.2:
    resolution: {integrity: sha512-55JNKuIW+vq4Ke1BjOTjM2YctQIvCT7GFzHwmfZPGo5wnrgkid0YQtnAleFSqumZm4az3n2BS+erby5ipJdgrg==}

  has-symbols@1.1.0:
    resolution: {integrity: sha512-1cDNdwJ2Jaohmb3sg4OmKaMBwuC48sYni5HUw2DvsC8LjGTLK9h+eb1X6RyuOHe4hT0ULCW68iomhjUoKUqlPQ==}
    engines: {node: '>= 0.4'}

  has-tostringtag@1.0.2:
    resolution: {integrity: sha512-NqADB8VjPFLM2V0VvHUewwwsw0ZWBaIdgo+ieHtK3hasLz4qeCRjYcqfB6AQrBggRKppKF8L52/VqdVsO47Dlw==}
    engines: {node: '>= 0.4'}

  hasown@2.0.4:
    resolution: {integrity: sha512-T2UbfbBEF32wiepXIsMlTW9+dDYC6wMh/t/vYA4tuOMKqWz/n3vr1NFSxQiyP+zk2mXsoMA/i/7qV6LKut1t1A==}
    engines: {node: '>= 0.4'}

  immediate@3.0.6:
    resolution: {integrity: sha512-XXOFtyqDjNDAQxVfYxuF7g9Il/IbWmmlQg2MYKOH8ExIT1qg6xc4zyS3HaEEATgs1btfzxq15ciUiY7gjSXRGQ==}

  inherits@2.0.4:
    resolution: {integrity: sha512-k/vGaX4/Yla3WzyMCvTQOXYeIHvqOKtnqBduzTHpzpQZzAskKMhZ2K+EnBiSM9zGSoIFeMpXKxa4dYeZIQqewQ==}

  is-arguments@1.2.0:
    resolution: {integrity: sha512-7bVbi0huj/wrIAOzb8U1aszg9kdi3KN/CyU19CTI7tAoZYEZoL9yCDXpbXN+uPsuWnP02cyug1gleqq+TU+YCA==}
    engines: {node: '>= 0.4'}

  is-callable@1.2.7:
    resolution: {integrity: sha512-1BC0BVFhS/p0qtw6enp8e+8OD0UrK0oFLztSjNzhcKA3WDuJxxAPXzPuPtKkjEY9UUoEWlX/8fgKeu2S8i9JTA==}
    engines: {node: '>= 0.4'}

  is-generator-function@1.1.2:
    resolution: {integrity: sha512-upqt1SkGkODW9tsGNG5mtXTXtECizwtS2kA161M+gJPc1xdb/Ax629af6YrTwcOeQHbewrPNlE5Dx7kzvXTizA==}
    engines: {node: '>= 0.4'}

  is-regex@1.2.1:
    resolution: {integrity: sha512-MjYsKHO5O7mCsmRGxWcLWheFqN9DJ/2TmngvjKXihe6efViPqc274+Fx/4fYj/r03+ESvBdTXK0V6tA3rgez1g==}
    engines: {node: '>= 0.4'}

  is-typed-array@1.1.15:
    resolution: {integrity: sha512-p3EcsicXjit7SaskXHs1hA91QxgTw46Fv6EFKKGS5DRFLD8yKnohjF3hxoju94b/OcMZoQukzpPpBE9uLVKzgQ==}
    engines: {node: '>= 0.4'}

  isarray@1.0.0:
    resolution: {integrity: sha512-VLghIWNM6ELQzo7zwmcg0NmTVyWKYjvIeM83yjp0wRDTmUnrM678fQbcKBo6n2CJEF0szoG//ytg+TKla89ALQ==}

  jszip@3.10.1:
    resolution: {integrity: sha512-xXDvecyTpGLrqFrvkrUSoxxfJI5AH7U8zxxtVclpsUtMCq4JQ290LY8AW5c7Ggnr/Y/oK+bQMbqK2qmtk3pN4g==}

  lie@3.3.0:
    resolution: {integrity: sha512-UaiMJzeWRlEujzAuw5LokY1L5ecNQYZKfmyZ9L7wDHb/p5etKaxXhohBcrw0EYby+G/NA52vRSN4N39dxHAIwQ==}

  math-intrinsics@1.1.0:
    resolution: {integrity: sha512-/IXtbwEk5HTPyEwyKX6hGkYXxM9nbj64B+ilVJnC/R6B0pH5G4V3b0pVbL7DBj4tkhBAppbQUlf6F6Xl9LHu1g==}
    engines: {node: '>= 0.4'}

  pako@1.0.11:
    resolution: {integrity: sha512-4hLB8Py4zZce5s4yd9XzopqwVv/yGNhV1Bl8NTmCq1763HeK2+EwVTv+leGeL13Dnh2wfbqowVPXCIO0z4taYw==}

  possible-typed-array-names@1.1.0:
    resolution: {integrity: sha512-/+5VFTchJDoVj3bhoqi6UeymcD00DAwb1nJwamzPvHEszJ4FpF6SNNbUbOS8yI56qHzdV8eK0qEfOSiodkTdxg==}
    engines: {node: '>= 0.4'}

  process-nextick-args@2.0.1:
    resolution: {integrity: sha512-3ouUOpQhtgrbOa17J7+uxOTpITYWaGP7/AhoR3+A+/1e9skrzelGi/dXzEYyvbxubEF6Wn2ypscTKiKJFFn1ag==}

  readable-stream@2.3.8:
    resolution: {integrity: sha512-8p0AUk4XODgIewSi0l8Epjs+EVnWiK7NoDIEGU0HhE7+ZyY8D1IMY7odu5lRrFXGg71L15KG8QrPmum45RTtdA==}

  rolldown@1.1.2:
    resolution: {integrity: sha512-x0CrQQqCXWGeI8dTvFfN/Dnv3yMKT9hv5jFjlOreKAx9wqLq9wz7VvLLHyaAXC90/CpggTu9SisSbsJJTPSjNQ==}
    engines: {node: ^20.19.0 || >=22.12.0}
    hasBin: true

  safe-buffer@5.1.2:
    resolution: {integrity: sha512-Gd2UZBJDkXlY7GbJxfsE8/nvKkUEU1G38c1siN6QP6a9PT9MmHB8GnpscSmMJSoF8LOIrt8ud/wPtojys4G6+g==}

  safe-regex-test@1.1.0:
    resolution: {integrity: sha512-x/+Cz4YrimQxQccJf5mKEbIa1NzeCRNI5Ecl/ekmlYaampdNLPalVyIcCZNNH3MvmqBugV5TMYZXv0ljslUlaw==}
    engines: {node: '>= 0.4'}

  set-function-length@1.2.2:
    resolution: {integrity: sha512-pgRc4hJ4/sNjWCSS9AmnS40x3bNMDTknHgL5UaMBTMyJnU90EgWh1Rz+MC9eFu4BuN/UwZjKQuY/1v3rM7HMfg==}
    engines: {node: '>= 0.4'}

  setimmediate@1.0.5:
    resolution: {integrity: sha512-MATJdZp8sLqDl/68LfQmbP8zKPLQNV6BIZoIgrscFDQ+RsvK/BxeDQOgyxKKoh0y/8h3BqVFnCqQ/gd+reiIXA==}

  string_decoder@1.1.1:
    resolution: {integrity: sha512-n/ShnvDi6FHbbVfviro+WojiFzv+s8MPMHBczVePfUpDJLwoLT0ht1l4YwBCbi8pJAveEEdnkHyPyTP/mzRfwg==}

  tslib@2.8.1:
    resolution: {integrity: sha512-oJFu94HQb+KVduSUQL7wnpmqnfmLsOA/nAh6b6EH0wCEoK0/mPeXU6c3wKDV83MkOuHPRHtSXKKU99IBazS/2w==}

  typescript@6.0.3:
    resolution: {integrity: sha512-y2TvuxSZPDyQakkFRPZHKFm+KKVqIisdg9/CZwm9ftvKXLP8NRWj38/ODjNbr43SsoXqNuAisEf1GdCxqWcdBw==}
    engines: {node: '>=14.17'}
    hasBin: true

  undici-types@7.24.6:
    resolution: {integrity: sha512-WRNW+sJgj5OBN4/0JpHFqtqzhpbnV0GuB+OozA9gCL7a993SmU+1JBZCzLNxYsbMfIeDL+lTsphD5jN5N+n0zg==}

  utaformatix-data@1.1.0:
    resolution: {integrity: sha512-1AoxBvRMkXjifHqvIpTnvLLGo3Qyj1Q4PSQLgKd8e6RMq4HA5o6QNI4ila9BO1fkJAWA9Azj/hVANHWBkpbVvg==}
    engines: {node: '>=10'}

  util-deprecate@1.0.2:
    resolution: {integrity: sha512-EPD5q1uXyFxJpCrLnCc1nHnq3gOa6DZBocAIiI2TaSCA7VCJ1UJDMagCzIkXNsUYfD1daK//LTEQ8xiIbrHtcw==}

  util@0.12.5:
    resolution: {integrity: sha512-kZf/K6hEIrWHI6XqOFUiiMa+79wE/D8Q+NCNAWclkyg3b4d2k7s0QGepNjiABc+aR3N1PAyHL7p6UcLY6LmrnA==}

  web-encoding@1.1.5:
    resolution: {integrity: sha512-HYLeVCdJ0+lBYV2FvNZmv3HJ2Nt0QYXqZojk3d9FJOLkwnuhzM9tmamh8d7HPM8QqjKH8DeHkFTx+CFlWpZZDA==}

  web-streams-polyfill@3.3.3:
    resolution: {integrity: sha512-d2JWLCivmZYTSIoge9MsgFCZrt571BikcWGYkjC1khllbTeDlGqZ2D8vD8E/lJa8WGWbb7Plm8/XJYV7IJHZZw==}
    engines: {node: '>= 8'}

  which-typed-array@1.1.22:
    resolution: {integrity: sha512-fvO4ExWMFsqyhG3AiPAObMuY1lxaqgYcxbc49CNdWDDECOJNgQyvsOWVwbZc+qf3rzRtxojBK+CMEv0Ld5CYpw==}
    engines: {node: '>= 0.4'}

snapshots:

  '@emnapi/core@1.11.1':
    dependencies:
      '@emnapi/wasi-threads': 1.2.2
      tslib: 2.8.1
    optional: true

  '@emnapi/runtime@1.11.1':
    dependencies:
      tslib: 2.8.1
    optional: true

  '@emnapi/wasi-threads@1.2.2':
    dependencies:
      tslib: 2.8.1
    optional: true

  '@jsr/sevenc-nanashi__utaformatix-ts@0.4.1':
    dependencies:
      defu: 6.1.7
      jszip: 3.10.1
      utaformatix-data: 1.1.0

  '@napi-rs/wasm-runtime@1.1.5(@emnapi/core@1.11.1)(@emnapi/runtime@1.11.1)':
    dependencies:
      '@emnapi/core': 1.11.1
      '@emnapi/runtime': 1.11.1
      '@tybys/wasm-util': 0.10.2
    optional: true

  '@oxc-project/types@0.137.0': {}

  '@remix-run/web-blob@3.1.0(patch_hash=9e086a2fe1369af42b20cc0ed5ad57b1ef73b833efc695e3ed24e84ec9e70028)':
    dependencies:
      '@remix-run/web-stream': 1.1.0(patch_hash=2c70921e0d5639306475cc6d9574b4b7c19414436cb4cbb7ea5c8ea874fc7e67)
      web-encoding: 1.1.5

  '@remix-run/web-file@3.1.0(patch_hash=fd0055741a604f909996fc4d21778afbb9569a711d5e0973e45980a457275e91)':
    dependencies:
      '@remix-run/web-blob': 3.1.0(patch_hash=9e086a2fe1369af42b20cc0ed5ad57b1ef73b833efc695e3ed24e84ec9e70028)

  '@remix-run/web-stream@1.1.0(patch_hash=2c70921e0d5639306475cc6d9574b4b7c19414436cb4cbb7ea5c8ea874fc7e67)':
    dependencies:
      web-streams-polyfill: 3.3.3

  '@rolldown/binding-android-arm64@1.1.2':
    optional: true

  '@rolldown/binding-darwin-arm64@1.1.2':
    optional: true

  '@rolldown/binding-darwin-x64@1.1.2':
    optional: true

  '@rolldown/binding-freebsd-x64@1.1.2':
    optional: true

  '@rolldown/binding-linux-arm-gnueabihf@1.1.2':
    optional: true

  '@rolldown/binding-linux-arm64-gnu@1.1.2':
    optional: true

  '@rolldown/binding-linux-arm64-musl@1.1.2':
    optional: true

  '@rolldown/binding-linux-ppc64-gnu@1.1.2':
    optional: true

  '@rolldown/binding-linux-s390x-gnu@1.1.2':
    optional: true

  '@rolldown/binding-linux-x64-gnu@1.1.2':
    optional: true

  '@rolldown/binding-linux-x64-musl@1.1.2':
    optional: true

  '@rolldown/binding-openharmony-arm64@1.1.2':
    optional: true

  '@rolldown/binding-wasm32-wasi@1.1.2':
    dependencies:
      '@emnapi/core': 1.11.1
      '@emnapi/runtime': 1.11.1
      '@napi-rs/wasm-runtime': 1.1.5(@emnapi/core@1.11.1)(@emnapi/runtime@1.11.1)
    optional: true

  '@rolldown/binding-win32-arm64-msvc@1.1.2':
    optional: true

  '@rolldown/binding-win32-x64-msvc@1.1.2':
    optional: true

  '@rolldown/pluginutils@1.0.1': {}

  '@tybys/wasm-util@0.10.2':
    dependencies:
      tslib: 2.8.1
    optional: true

  '@types/bun@1.3.14':
    dependencies:
      bun-types: 1.3.14

  '@types/node@25.9.3':
    dependencies:
      undici-types: 7.24.6

  '@zxing/text-encoding@0.9.0':
    optional: true

  available-typed-arrays@1.0.7:
    dependencies:
      possible-typed-array-names: 1.1.0

  bun-types@1.3.14:
    dependencies:
      '@types/node': 25.9.3

  call-bind-apply-helpers@1.0.2:
    dependencies:
      es-errors: 1.3.0
      function-bind: 1.1.2

  call-bind@1.0.9:
    dependencies:
      call-bind-apply-helpers: 1.0.2
      es-define-property: 1.0.1
      get-intrinsic: 1.3.0
      set-function-length: 1.2.2

  call-bound@1.0.4:
    dependencies:
      call-bind-apply-helpers: 1.0.2
      get-intrinsic: 1.3.0

  core-util-is@1.0.3: {}

  define-data-property@1.1.4:
    dependencies:
      es-define-property: 1.0.1
      es-errors: 1.3.0
      gopd: 1.2.0

  defu@6.1.7: {}

  dunder-proto@1.0.1:
    dependencies:
      call-bind-apply-helpers: 1.0.2
      es-errors: 1.3.0
      gopd: 1.2.0

  es-define-property@1.0.1: {}

  es-errors@1.3.0: {}

  es-object-atoms@1.1.2:
    dependencies:
      es-errors: 1.3.0

  fastestsmallesttextencoderdecoder@1.0.22: {}

  for-each@0.3.5:
    dependencies:
      is-callable: 1.2.7

  function-bind@1.1.2: {}

  generator-function@2.0.1: {}

  get-intrinsic@1.3.0:
    dependencies:
      call-bind-apply-helpers: 1.0.2
      es-define-property: 1.0.1
      es-errors: 1.3.0
      es-object-atoms: 1.1.2
      function-bind: 1.1.2
      get-proto: 1.0.1
      gopd: 1.2.0
      has-symbols: 1.1.0
      hasown: 2.0.4
      math-intrinsics: 1.1.0

  get-proto@1.0.1:
    dependencies:
      dunder-proto: 1.0.1
      es-object-atoms: 1.1.2

  gopd@1.2.0: {}

  has-property-descriptors@1.0.2:
    dependencies:
      es-define-property: 1.0.1

  has-symbols@1.1.0: {}

  has-tostringtag@1.0.2:
    dependencies:
      has-symbols: 1.1.0

  hasown@2.0.4:
    dependencies:
      function-bind: 1.1.2

  immediate@3.0.6: {}

  inherits@2.0.4: {}

  is-arguments@1.2.0:
    dependencies:
      call-bound: 1.0.4
      has-tostringtag: 1.0.2

  is-callable@1.2.7: {}

  is-generator-function@1.1.2:
    dependencies:
      call-bound: 1.0.4
      generator-function: 2.0.1
      get-proto: 1.0.1
      has-tostringtag: 1.0.2
      safe-regex-test: 1.1.0

  is-regex@1.2.1:
    dependencies:
      call-bound: 1.0.4
      gopd: 1.2.0
      has-tostringtag: 1.0.2
      hasown: 2.0.4

  is-typed-array@1.1.15:
    dependencies:
      which-typed-array: 1.1.22

  isarray@1.0.0: {}

  jszip@3.10.1:
    dependencies:
      lie: 3.3.0
      pako: 1.0.11
      readable-stream: 2.3.8
      setimmediate: 1.0.5

  lie@3.3.0:
    dependencies:
      immediate: 3.0.6

  math-intrinsics@1.1.0: {}

  pako@1.0.11: {}

  possible-typed-array-names@1.1.0: {}

  process-nextick-args@2.0.1: {}

  readable-stream@2.3.8:
    dependencies:
      core-util-is: 1.0.3
      inherits: 2.0.4
      isarray: 1.0.0
      process-nextick-args: 2.0.1
      safe-buffer: 5.1.2
      string_decoder: 1.1.1
      util-deprecate: 1.0.2

  rolldown@1.1.2:
    dependencies:
      '@oxc-project/types': 0.137.0
      '@rolldown/pluginutils': 1.0.1
    optionalDependencies:
      '@rolldown/binding-android-arm64': 1.1.2
      '@rolldown/binding-darwin-arm64': 1.1.2
      '@rolldown/binding-darwin-x64': 1.1.2
      '@rolldown/binding-freebsd-x64': 1.1.2
      '@rolldown/binding-linux-arm-gnueabihf': 1.1.2
      '@rolldown/binding-linux-arm64-gnu': 1.1.2
      '@rolldown/binding-linux-arm64-musl': 1.1.2
      '@rolldown/binding-linux-ppc64-gnu': 1.1.2
      '@rolldown/binding-linux-s390x-gnu': 1.1.2
      '@rolldown/binding-linux-x64-gnu': 1.1.2
      '@rolldown/binding-linux-x64-musl': 1.1.2
      '@rolldown/binding-openharmony-arm64': 1.1.2
      '@rolldown/binding-wasm32-wasi': 1.1.2
      '@rolldown/binding-win32-arm64-msvc': 1.1.2
      '@rolldown/binding-win32-x64-msvc': 1.1.2

  safe-buffer@5.1.2: {}

  safe-regex-test@1.1.0:
    dependencies:
      call-bound: 1.0.4
      es-errors: 1.3.0
      is-regex: 1.2.1

  set-function-length@1.2.2:
    dependencies:
      define-data-property: 1.1.4
      es-errors: 1.3.0
      function-bind: 1.1.2
      get-intrinsic: 1.3.0
      gopd: 1.2.0
      has-property-descriptors: 1.0.2

  setimmediate@1.0.5: {}

  string_decoder@1.1.1:
    dependencies:
      safe-buffer: 5.1.2

  tslib@2.8.1:
    optional: true

  typescript@6.0.3: {}

  undici-types@7.24.6: {}

  utaformatix-data@1.1.0: {}

  util-deprecate@1.0.2: {}

  util@0.12.5:
    dependencies:
      inherits: 2.0.4
      is-arguments: 1.2.0
      is-generator-function: 1.1.2
      is-typed-array: 1.1.15
      which-typed-array: 1.1.22

  web-encoding@1.1.5:
    dependencies:
      util: 0.12.5
    optionalDependencies:
      '@zxing/text-encoding': 0.9.0

  web-streams-polyfill@3.3.3: {}

  which-typed-array@1.1.22:
    dependencies:
      available-typed-arrays: 1.0.7
      call-bind: 1.0.9
      call-bound: 1.0.4
      for-each: 0.3.5
      get-proto: 1.0.1
      gopd: 1.2.0
      has-tostringtag: 1.0.2
